
Microsoft Visual Studio Solution File, Format Version 12.00
# Visual Studio Version 16
VisualStudioVersion = 16.0.31702.278
MinimumVisualStudioVersion = 10.0.40219.1
Project("{9A19103F-16F7-4668-BE54-9A1E7A4F7556}") = "Diodes", "Diodes\Diodes.csproj", "{CC772CBF-F7D6-4636-A543-EF52618E57C2}"
EndProject
Project("{9A19103F-16F7-4668-BE54-9A1E7A4F7556}") = "LightDataProcessor", "LightDataProcessor\LightDataProcessor.csproj", "{341AB258-95AE-476F-A513-70A9E8E404F9}"
EndProject
Project("{9A19103F-16F7-4668-BE54-9A1E7A4F7556}") = "ScreenController", "ScreenController\ScreenController.csproj", "{94D5BBFB-53D2-47D0-AEFA-C3438183544B}"
EndProject
Project("{FAE04EC0-301F-11D3-BF4B-00C04F79EFBC}") = "TestDiodeUI", "TestDiode\TestDiodeUI.csproj", "{8716341E-EA93-4D70-8EBA-EE8BF01C771F}"
EndProject
Project("{FAE04EC0-301F-11D3-BF4B-00C04F79EFBC}") = "ScreenForm", "SccreenForm\ScreenForm.csproj", "{5176E158-A6E3-4718-8CF6-59EA9FA6D812}"
EndProject
Global
	GlobalSection(SolutionConfigurationPlatforms) = preSolution
		Debug|Any CPU = Debug|Any CPU
		Release|Any CPU = Release|Any CPU
	EndGlobalSection
	GlobalSection(ProjectConfigurationPlatforms) = postSolution
		{CC772CBF-F7D6-4636-A543-EF52618E57C2}.Debug|Any CPU.ActiveCfg = Debug|Any CPU
		{CC772CBF-F7D6-4636-A543-EF52618E57C2}.Debug|Any CPU.Build.0 = Debug|Any CPU
		{CC772CBF-F7D6-4636-A543-EF52618E57C2}.Release|Any CPU.ActiveCfg = Release|Any CPU
		{CC772CBF-F7D6-4636-A543-EF52618E57C2}.Release|Any CPU.Build.0 = Release|Any CPU
		{341AB258-95AE-476F-A513-70A9E8E404F9}.Debug|Any CPU.ActiveCfg = Debug|Any CPU
		{341AB258-95AE-476F-A513-70A9E8E404F9}.Debug|Any CPU.Build.0 = Debug|Any CPU
		{341AB258-95AE-476F-A513-70A9E8E404F9}.Release|Any CPU.ActiveCfg = Release|Any CPU
		{341AB258-95AE-476F-A513-70A9E8E404F9}.Release|Any CPU.Build.0 = Release|Any CPU
		{94D5BBFB-53D2-47D0-AEFA-C3438183544B}.Debug|Any CPU.ActiveCfg = Debug|Any CPU
		{94D5BBFB-53D2-47D0-AEFA-C3438183544B}.Debug|Any CPU.Build.0 = Debug|Any CPU
		{94D5BBFB-53D2-47D0-AEFA-C3438183544B}.Release|Any CPU.ActiveCfg = Release|Any CPU
		{94D5BBFB-53D2-47D0-AEFA-C3438183544B}.Release|Any CPU.Build.0 = Release|Any CPU
		{8716341E-EA93-4D70-8EBA-EE8BF01C771F}.Debug|Any CPU.ActiveCfg = Debug|Any CPU
		{8716341E-EA93-4D70-8EBA-EE8BF01C771F}.Debug|Any CPU.Build.0 = Debug|Any CPU
		{8716341E-EA93-4D70-8EBA-EE8BF01C771F}.Release|Any CPU.ActiveCfg = Release|Any CPU
		{8716341E-EA93-4D70-8EBA-EE8BF01C771F}.Release|Any CPU.Build.0 = Release|Any CPU
		{5176E158-A6E3-4718-8CF6-59EA9FA6D812}.Debug|Any CPU.ActiveCfg = Debug|Any CPU
		{5176E158-A6E3-4718-8CF6-59EA9FA6D812}.Debug|Any CPU.Build.0 = Debug|Any CPU
		{5176E158-A6E3-4718-8CF6-59EA9FA6D812}.Release|Any CPU.ActiveCfg = Release|Any CPU
		{5176E158-A6E3-4718-8CF6-59EA9FA6D812}.Release|Any CPU.Build.0 = Release|Any CPU
	EndGlobalSection
	GlobalSection(SolutionProperties) = preSolution
		HideSolutionNode = FALSE
	EndGlobalSection
	GlobalSection(ExtensibilityGlobals) = postSolution
		SolutionGuid = {B33EC87E-D807-47AD-8BC2-EFDD371199AB}
	EndGlobalSection
EndGlobal
